// !$*UTF8*$!
{
	archiveVersion = 1;
	classes = {
	};
	objectVersion = 56;
	objects = {

/* Begin PBXBuildFile section */
		EAA36FAD2BCE354100FFD15A /* CarInfo_ios5_heejiApp.swift in Sources */ = {isa = PBXBuildFile; fileRef = EAA36FAC2BCE354100FFD15A /* CarInfo_ios5_heejiApp.swift */; };
		EAA36FAF2BCE354100FFD15A /* ContentView.swift in Sources */ = {isa = PBXBuildFile; fileRef = EAA36FAE2BCE354100FFD15A /* ContentView.swift */; };
		EAA36FB12BCE354200FFD15A /* Assets.xcassets in Resources */ = {isa = PBXBuildFile; fileRef = EAA36FB02BCE354200FFD15A /* Assets.xcassets */; };
		EAA36FB42BCE354200FFD15A /* Preview Assets.xcassets in Resources */ = {isa = PBXBuildFile; fileRef = EAA36FB32BCE354200FFD15A /* Preview Assets.xcassets */; };
		EAA36FBF2BCE36A500FFD15A /* CarInfoModel.swift in Sources */ = {isa = PBXBuildFile; fileRef = EAA36FBE2BCE36A500FFD15A /* CarInfoModel.swift */; };
		EAA36FC22BCE6FD900FFD15A /* Data.swift in Sources */ = {isa = PBXBuildFile; fileRef = EAA36FC12BCE6FD900FFD15A /* Data.swift */; };
		EAA36FC42BCE71DE00FFD15A /* CarDetailView.swift in Sources */ = {isa = PBXBuildFile; fileRef = EAA36FC32BCE71DE00FFD15A /* CarDetailView.swift */; };
/* End PBXBuildFile section */

/* Begin PBXFileReference section */
		EAA36FA92BCE354100FFD15A /* CarInfo_ios5_heeji.app */ = {isa = PBXFileReference; explicitFileType = wrapper.application; includeInIndex = 0; path = CarInfo_ios5_heeji.app; sourceTree = BUILT_PRODUCTS_DIR; };
		EAA36FAC2BCE354100FFD15A /* CarInfo_ios5_heejiApp.swift */ = {isa = PBXFileReference; lastKnownFileType = sourcecode.swift; path = CarInfo_ios5_heejiApp.swift; sourceTree = "<group>"; };
		EAA36FAE2BCE354100FFD15A /* ContentView.swift */ = {isa = PBXFileReference; lastKnownFileType = sourcecode.swift; path = ContentView.swift; sourceTree = "<group>"; };
		EAA36FB02BCE354200FFD15A /* Assets.xcassets */ = {isa = PBXFileReference; lastKnownFileType = folder.assetcatalog; path = Assets.xcassets; sourceTree = "<group>"; };
		EAA36FB32BCE354200FFD15A /* Preview Assets.xcassets */ = {isa = PBXFileReference; lastKnownFileType = folder.assetcatalog; path = "Preview Assets.xcassets"; sourceTree = "<group>"; };
		EAA36FBE2BCE36A500FFD15A /* CarInfoModel.swift */ = {isa = PBXFileReference; lastKnownFileType = sourcecode.swift; path = CarInfoModel.swift; sourceTree = "<group>"; };
		EAA36FC12BCE6FD900FFD15A /* Data.swift */ = {isa = PBXFileReference; lastKnownFileType = sourcecode.swift; name = Data.swift; path = CarInfo_ios5_heeji/Data.swift; sourceTree = SOURCE_ROOT; };
		EAA36FC32BCE71DE00FFD15A /* CarDetailView.swift */ = {isa = PBXFileReference; lastKnownFileType = sourcecode.swift; path = CarDetailView.swift; sourceTree = "<group>"; };
/* End PBXFileReference section */

/* Begin PBXFrameworksBuildPhase section */
		EAA36FA62BCE354100FFD15A /* Frameworks */ = {
			isa = PBXFrameworksBuildPhase;
			buildActionMask = 2147483647;
			files = (
			);
			runOnlyForDeploymentPostprocessing = 0;
		};
/* End PBXFrameworksBuildPhase section */

/* Begin PBXGroup section */
		EAA36FA02BCE354100FFD15A = {
			isa = PBXGroup;
			children = (
				EAA36FAB2BCE354100FFD15A /* CarInfo_ios5_heeji */,
				EAA36FAA2BCE354100FFD15A /* Products */,
			);
			sourceTree = "<group>";
		};
		EAA36FAA2BCE354100FFD15A /* Products */ = {
			isa = PBXGroup;
			children = (
				EAA36FA92BCE354100FFD15A /* CarInfo_ios5_heeji.app */,
			);
			name = Products;
			sourceTree = "<group>";
		};
		EAA36FAB2BCE354100FFD15A /* CarInfo_ios5_heeji */ = {
			isa = PBXGroup;
			children = (
				EAA36FC02BCE5E4400FFD15A /* Model */,
				EAA36FAC2BCE354100FFD15A /* CarInfo_ios5_heejiApp.swift */,
				EAA36FAE2BCE354100FFD15A /* ContentView.swift */,
				EAA36FC32BCE71DE00FFD15A /* CarDetailView.swift */,
				EAA36FB02BCE354200FFD15A /* Assets.xcassets */,
				EAA36FC12BCE6FD900FFD15A /* Data.swift */,
				EAA36FB22BCE354200FFD15A /* Preview Content */,
			);
			path = CarInfo_ios5_heeji;
			sourceTree = "<group>";
		};
		EAA36FB22BCE354200FFD15A /* Preview Content */ = {
			isa = PBXGroup;
			children = (
				EAA36FB32BCE354200FFD15A /* Preview Assets.xcassets */,
			);
			path = "Preview Content";
			sourceTree = "<group>";
		};
		EAA36FC02BCE5E4400FFD15A /* Model */ = {
			isa = PBXGroup;
			children = (
				EAA36FBE2BCE36A500FFD15A /* CarInfoModel.swift */,
			);
			path = Model;
			sourceTree = "<group>";
		};
/* End PBXGroup section */

/* Begin PBXNativeTarget section */
		EAA36FA82BCE354100FFD15A /* CarInfo_ios5_heeji */ = {
			isa = PBXNativeTarget;
			buildConfigurationList = EAA36FB72BCE354200FFD15A /* Build configuration list for PBXNativeTarget "CarInfo_ios5_heeji" */;
			buildPhases = (
				EAA36FA52BCE354100FFD15A /* Sources */,
				EAA36FA62BCE354100FFD15A /* Frameworks */,
				EAA36FA72BCE354100FFD15A /* Resources */,
			);
			buildRules = (
			);
			dependencies = (
			);
			name = CarInfo_ios5_heeji;
			productName = CarInfo_ios5_heeji;
			productReference = EAA36FA92BCE354100FFD15A /* CarInfo_ios5_heeji.app */;
			productType = "com.apple.product-type.application";
		};
/* End PBXNativeTarget section */

/* Begin PBXProject section */
		EAA36FA12BCE354100FFD15A /* Project object */ = {
			isa = PBXProject;
			attributes = {
				BuildIndependentTargetsInParallel = 1;
				LastSwiftUpdateCheck = 1530;
				LastUpgradeCheck = 1530;
				TargetAttributes = {
					EAA36FA82BCE354100FFD15A = {
						CreatedOnToolsVersion = 15.3;
					};
				};
			};
			buildConfigurationList = EAA36FA42BCE354100FFD15A /* Build configuration list for PBXProject "CarInfo_ios5_heeji" */;
			compatibilityVersion = "Xcode 14.0";
			developmentRegion = en;
			hasScannedForEncodings = 0;
			knownRegions = (
				en,
				Base,
			);
			mainGroup = EAA36FA02BCE354100FFD15A;
			productRefGroup = EAA36FAA2BCE354100FFD15A /* Products */;
			projectDirPath = "";
			projectRoot = "";
			targets = (
				EAA36FA82BCE354100FFD15A /* CarInfo_ios5_heeji */,
			);
		};
/* End PBXProject section */

/* Begin PBXResourcesBuildPhase section */
		EAA36FA72BCE354100FFD15A /* Resources */ = {
			isa = PBXResourcesBuildPhase;
			buildActionMask = 2147483647;
			files = (
				EAA36FB42BCE354200FFD15A /* Preview Assets.xcassets in Resources */,
				EAA36FB12BCE354200FFD15A /* Assets.xcassets in Resources */,
			);
			runOnlyForDeploymentPostprocessing = 0;
		};
/* End PBXResourcesBuildPhase section */

/* Begin PBXSourcesBuildPhase section */
		EAA36FA52BCE354100FFD15A /* Sources */ = {
			isa = PBXSourcesBuildPhase;
			buildActionMask = 2147483647;
			files = (
				EAA36FBF2BCE36A500FFD15A /* CarInfoModel.swift in Sources */,
				EAA36FC22BCE6FD900FFD15A /* Data.swift in Sources */,
				EAA36FAF2BCE354100FFD15A /* ContentView.swift in Sources */,
				EAA36FAD2BCE354100FFD15A /* CarInfo_ios5_heejiApp.swift in Sources */,
				EAA36FC42BCE71DE00FFD15A /* CarDetailView.swift in Sources */,
			);
			runOnlyForDeploymentPostprocessing = 0;
		};
/* End PBXSourcesBuildPhase section */

/* Begin XCBuildConfiguration section */
		EAA36FB52BCE354200FFD15A /* Debug */ = {
			isa = XCBuildConfiguration;
			buildSettings = {
				ALWAYS_SEARCH_USER_PATHS = NO;
				ASSETCATALOG_COMPILER_GENERATE_SWIFT_ASSET_SYMBOL_EXTENSIONS = YES;
				CLANG_ANALYZER_NONNULL = YES;
				CLANG_ANALYZER_NUMBER_OBJECT_CONVERSION = YES_AGGRESSIVE;
				CLANG_CXX_LANGUAGE_STANDARD = "gnu++20";
				CLANG_ENABLE_MODULES = YES;
				CLANG_ENABLE_OBJC_ARC = YES;
				CLANG_ENABLE_OBJC_WEAK = YES;
				CLANG_WARN_BLOCK_CAPTURE_AUTORELEASING = YES;
				CLANG_WARN_BOOL_CONVERSION = YES;
				CLANG_WARN_COMMA = YES;
				CLANG_WARN_CONSTANT_CONVERSION = YES;
				CLANG_WARN_DEPRECATED_OBJC_IMPLEMENTATIONS = YES;
				CLANG_WARN_DIRECT_OBJC_ISA_USAGE = YES_ERROR;
				CLANG_WARN_DOCUMENTATION_COMMENTS = YES;
				CLANG_WARN_EMPTY_BODY = YES;
				CLANG_WARN_ENUM_CONVERSION = YES;
				CLANG_WARN_INFINITE_RECURSION = YES;
				CLANG_WARN_INT_CONVERSION = YES;
				CLANG_WARN_NON_LITERAL_NULL_CONVERSION = YES;
				CLANG_WARN_OBJC_IMPLICIT_RETAIN_SELF = YES;
				CLANG_WARN_OBJC_LITERAL_CONVERSION = YES;
				CLANG_WARN_OBJC_ROOT_CLASS = YES_ERROR;
				CLANG_WARN_QUOTED_INCLUDE_IN_FRAMEWORK_HEADER = YES;
				CLANG_WARN_RANGE_LOOP_ANALYSIS = YES;
				CLANG_WARN_STRICT_PROTOTYPES = YES;
				CLANG_WARN_SUSPICIOUS_MOVE = YES;
				CLANG_WARN_UNGUARDED_AVAILABILITY = YES_AGGRESSIVE;
				CLANG_WARN_UNREACHABLE_CODE = YES;
				CLANG_WARN__DUPLICATE_METHOD_MATCH = YES;
				COPY_PHASE_STRIP = NO;
				DEBUG_INFORMATION_FORMAT = dwarf;
				ENABLE_STRICT_OBJC_MSGSEND = YES;
				ENABLE_TESTABILITY = YES;
				ENABLE_USER_SCRIPT_SANDBOXING = YES;
				GCC_C_LANGUAGE_STANDARD = gnu17;
				GCC_DYNAMIC_NO_PIC = NO;
				GCC_NO_COMMON_BLOCKS = YES;
				GCC_OPTIMIZATION_LEVEL = 0;
				GCC_PREPROCESSOR_DEFINITIONS = (
					"DEBUG=1",
					"$(inherited)",
				);
				GCC_WARN_64_TO_32_BIT_CONVERSION = YES;
				GCC_WARN_ABOUT_RETURN_TYPE = YES_ERROR;
				GCC_WARN_UNDECLARED_SELECTOR = YES;
				GCC_WARN_UNINITIALIZED_AUTOS = YES_AGGRESSIVE;
				GCC_WARN_UNUSED_FUNCTION = YES;
				GCC_WARN_UNUSED_VARIABLE = YES;
				IPHONEOS_DEPLOYMENT_TARGET = 17.4;
				LOCALIZATION_PREFERS_STRING_CATALOGS = YES;
				MTL_ENABLE_DEBUG_INFO = INCLUDE_SOURCE;
				MTL_FAST_MATH = YES;
				ONLY_ACTIVE_ARCH = YES;
				SDKROOT = iphoneos;
				SWIFT_ACTIVE_COMPILATION_CONDITIONS = "DEBUG $(inherited)";
				SWIFT_OPTIMIZATION_LEVEL = "-Onone";
			};
			name = Debug;
		};
		EAA36FB62BCE354200FFD15A /* Release */ = {
			isa = XCBuildConfiguration;
			buildSettings = {
				ALWAYS_SEARCH_USER_PATHS = NO;
				ASSETCATALOG_COMPILER_GENERATE_SWIFT_ASSET_SYMBOL_EXTENSIONS = YES;
				CLANG_ANALYZER_NONNULL = YES;
				CLANG_ANALYZER_NUMBER_OBJECT_CONVERSION = YES_AGGRESSIVE;
				CLANG_CXX_LANGUAGE_STANDARD = "gnu++20";
				CLANG_ENABLE_MODULES = YES;
				CLANG_ENABLE_OBJC_ARC = YES;
				CLANG_ENABLE_OBJC_WEAK = YES;
				CLANG_WARN_BLOCK_CAPTURE_AUTORELEASING = YES;
				CLANG_WARN_BOOL_CONVERSION = YES;
				CLANG_WARN_COMMA = YES;
				CLANG_WARN_CONSTANT_CONVERSION = YES;
				CLANG_WARN_DEPRECATED_OBJC_IMPLEMENTATIONS = YES;
				CLANG_WARN_DIRECT_OBJC_ISA_USAGE = YES_ERROR;
				CLANG_WARN_DOCUMENTATION_COMMENTS = YES;
				CLANG_WARN_EMPTY_BODY = YES;
				CLANG_WARN_ENUM_CONVERSION = YES;
				CLANG_WARN_INFINITE_RECURSION = YES;
				CLANG_WARN_INT_CONVERSION = YES;
				CLANG_WARN_NON_LITERAL_NULL_CONVERSION = YES;
				CLANG_WARN_OBJC_IMPLICIT_RETAIN_SELF = YES;
				CLANG_WARN_OBJC_LITERAL_CONVERSION = YES;
				CLANG_WARN_OBJC_ROOT_CLASS = YES_ERROR;
				CLANG_WARN_QUOTED_INCLUDE_IN_FRAMEWORK_HEADER = YES;
				CLANG_WARN_RANGE_LOOP_ANALYSIS = YES;
				CLANG_WARN_STRICT_PROTOTYPES = YES;
				CLANG_WARN_SUSPICIOUS_MOVE = YES;
				CLANG_WARN_UNGUARDED_AVAILABILITY = YES_AGGRESSIVE;
				CLANG_WARN_UNREACHABLE_CODE = YES;
				CLANG_WARN__DUPLICATE_METHOD_MATCH = YES;
				COPY_PHASE_STRIP = NO;
				DEBUG_INFORMATION_FORMAT = "dwarf-with-dsym";
				ENABLE_NS_ASSERTIONS = NO;
				ENABLE_STRICT_OBJC_MSGSEND = YES;
				ENABLE_USER_SCRIPT_SANDBOXING = YES;
				GCC_C_LANGUAGE_STANDARD = gnu17;
				GCC_NO_COMMON_BLOCKS = YES;
				GCC_WARN_64_TO_32_BIT_CONVERSION = YES;
				GCC_WARN_ABOUT_RETURN_TYPE = YES_ERROR;
				GCC_WARN_UNDECLARED_SELECTOR = YES;
				GCC_WARN_UNINITIALIZED_AUTOS = YES_AGGRESSIVE;
				GCC_WARN_UNUSED_FUNCTION = YES;
				GCC_WARN_UNUSED_VARIABLE = YES;
				IPHONEOS_DEPLOYMENT_TARGET = 17.4;
				LOCALIZATION_PREFERS_STRING_CATALOGS = YES;
				MTL_ENABLE_DEBUG_INFO = NO;
				MTL_FAST_MATH = YES;
				SDKROOT = iphoneos;
				SWIFT_COMPILATION_MODE = wholemodule;
				VALIDATE_PRODUCT = YES;
			};
			name = Release;
		};
		EAA36FB82BCE354200FFD15A /* Debug */ = {
			isa = XCBuildConfiguration;
			buildSettings = {
				ASSETCATALOG_COMPILER_APPICON_NAME = AppIcon;
				ASSETCATALOG_COMPILER_GLOBAL_ACCENT_COLOR_NAME = AccentColor;
				CODE_SIGN_STYLE = Automatic;
				CURRENT_PROJECT_VERSION = 1;
				DEVELOPMENT_ASSET_PATHS = "\"CarInfo_ios5_heeji/Preview Content\"";
				ENABLE_PREVIEWS = YES;
				GENERATE_INFOPLIST_FILE = YES;
				INFOPLIST_KEY_UIApplicationSceneManifest_Generation = YES;
				INFOPLIST_KEY_UIApplicationSupportsIndirectInputEvents = YES;
				INFOPLIST_KEY_UILaunchScreen_Generation = YES;
				INFOPLIST_KEY_UISupportedInterfaceOrientations_iPad = "UIInterfaceOrientationPortrait UIInterfaceOrientationPortraitUpsideDown UIInterfaceOrientationLandscapeLeft UIInterfaceOrientationLandscapeRight";
				INFOPLIST_KEY_UISupportedInterfaceOrientations_iPhone = "UIInterfaceOrientationPortrait UIInterfaceOrientationLandscapeLeft UIInterfaceOrientationLandscapeRight";
				LD_RUNPATH_SEARCH_PATHS = (
					"$(inherited)",
					"@executable_path/Frameworks",
				);
				MARKETING_VERSION = 1.0;
				PRODUCT_BUNDLE_IDENTIFIER = "com.keefmoon.CarInfo-ios5-heeji";
				PRODUCT_NAME = "$(TARGET_NAME)";
				SWIFT_EMIT_LOC_STRINGS = YES;
				SWIFT_VERSION = 5.0;
				TARGETED_DEVICE_FAMILY = "1,2";
			};
			name = Debug;
		};
		EAA36FB92BCE354200FFD15A /* Release */ = {
			isa = XCBuildConfiguration;
			buildSettings = {
				ASSETCATALOG_COMPILER_APPICON_NAME = AppIcon;
				ASSETCATALOG_COMPILER_GLOBAL_ACCENT_COLOR_NAME = AccentColor;
				CODE_SIGN_STYLE = Automatic;
				CURRENT_PROJECT_VERSION = 1;
				DEVELOPMENT_ASSET_PATHS = "\"CarInfo_ios5_heeji/Preview Content\"";
				ENABLE_PREVIEWS = YES;
				GENERATE_INFOPLIST_FILE = YES;
				INFOPLIST_KEY_UIApplicationSceneManifest_Generation = YES;
				INFOPLIST_KEY_UIApplicationSupportsIndirectInputEvents = YES;
				INFOPLIST_KEY_UILaunchScreen_Generation = YES;
				INFOPLIST_KEY_UISupportedInterfaceOrientations_iPad = "UIInterfaceOrientationPortrait UIInterfaceOrientationPortraitUpsideDown UIInterfaceOrientationLandscapeLeft UIInterfaceOrientationLandscapeRight";
				INFOPLIST_KEY_UISupportedInterfaceOrientations_iPhone = "UIInterfaceOrientationPortrait UIInterfaceOrientationLandscapeLeft UIInterfaceOrientationLandscapeRight";
				LD_RUNPATH_SEARCH_PATHS = (
					"$(inherited)",
					"@executable_path/Frameworks",
				);
				MARKETING_VERSION = 1.0;
				PRODUCT_BUNDLE_IDENTIFIER = "com.keefmoon.CarInfo-ios5-heeji";
				PRODUCT_NAME = "$(TARGET_NAME)";
				SWIFT_EMIT_LOC_STRINGS = YES;
				SWIFT_VERSION = 5.0;
				TARGETED_DEVICE_FAMILY = "1,2";
			};
			name = Release;
		};
/* End XCBuildConfiguration section */

/* Begin XCConfigurationList section */
		EAA36FA42BCE354100FFD15A /* Build configuration list for PBXProject "CarInfo_ios5_heeji" */ = {
			isa = XCConfigurationList;
			buildConfigurations = (
				EAA36FB52BCE354200FFD15A /* Debug */,
				EAA36FB62BCE354200FFD15A /* Release */,
			);
			defaultConfigurationIsVisible = 0;
			defaultConfigurationName = Release;
		};
		EAA36FB72BCE354200FFD15A /* Build configuration list for PBXNativeTarget "CarInfo_ios5_heeji" */ = {
			isa = XCConfigurationList;
			buildConfigurations = (
				EAA36FB82BCE354200FFD15A /* Debug */,
				EAA36FB92BCE354200FFD15A /* Release */,
			);
			defaultConfigurationIsVisible = 0;
			defaultConfigurationName = Release;
		};
/* End XCConfigurationList section */
	};
	rootObject = EAA36FA12BCE354100FFD15A /* Project object */;
}
